
Microsoft Visual Studio Solution File, Format Version 12.00
# Visual Studio Version 17
VisualStudioVersion = 17.4.33110.190
MinimumVisualStudioVersion = 10.0.40219.1
Project("{9A19103F-16F7-4668-BE54-9A1E7A4F7556}") = "Smart.RentService.WebAPI", "Smart.RentService.WebAPI\Smart.RentService.WebAPI.csproj", "{CF46FBF9-92CC-4F6A-A3E6-EF40055E3F7F}"
EndProject
Project("{9A19103F-16F7-4668-BE54-9A1E7A4F7556}") = "Smart.RentService.Core", "Smart.RentService.Core\Smart.RentService.Core.csproj", "{B4081B09-39BA-4C1D-8C5F-02CEA56CB297}"
EndProject
Project("{9A19103F-16F7-4668-BE54-9A1E7A4F7556}") = "Smart.RentService.Infrastructure", "Smart.RentService.Infrastructure\Smart.RentService.Infrastructure.csproj", "{677703ED-E4F6-4B0D-B1BA-695A284D97D0}"
EndProject
Project("{9A19103F-16F7-4668-BE54-9A1E7A4F7556}") = "Smart.RentService.SharedKernel", "Smart.RenService.SharedKernel\Smart.RentService.SharedKernel.csproj", "{79B61EAA-E83E-4E0C-B376-2301460CA785}"
EndProject
Project("{9A19103F-16F7-4668-BE54-9A1E7A4F7556}") = "Smart.RentService.Application", "Smart.RentService.Application\Smart.RentService.Application.csproj", "{30E0EC41-3982-4288-9E40-D53EC852994F}"
EndProject
Project("{2150E333-8FDC-42A3-9474-1A3956D46DE8}") = "Tests", "Tests", "{2429AEE2-4D08-40ED-9DB5-71DC81D14164}"
EndProject
Project("{2150E333-8FDC-42A3-9474-1A3956D46DE8}") = "Src", "Src", "{0DC6C3F1-56B2-4765-B737-49EBB34CD4D6}"
EndProject
Project("{FAE04EC0-301F-11D3-BF4B-00C04F79EFBC}") = "Smart.RentService.UnitTests", "Smart.RentService.UnitTests\Smart.RentService.UnitTests.csproj", "{ED794B76-2246-4031-8EE7-EEB54C1C0F9F}"
EndProject
Global
	GlobalSection(SolutionConfigurationPlatforms) = preSolution
		Debug|Any CPU = Debug|Any CPU
		Release|Any CPU = Release|Any CPU
	EndGlobalSection
	GlobalSection(ProjectConfigurationPlatforms) = postSolution
		{CF46FBF9-92CC-4F6A-A3E6-EF40055E3F7F}.Debug|Any CPU.ActiveCfg = Debug|Any CPU
		{CF46FBF9-92CC-4F6A-A3E6-EF40055E3F7F}.Debug|Any CPU.Build.0 = Debug|Any CPU
		{CF46FBF9-92CC-4F6A-A3E6-EF40055E3F7F}.Release|Any CPU.ActiveCfg = Release|Any CPU
		{CF46FBF9-92CC-4F6A-A3E6-EF40055E3F7F}.Release|Any CPU.Build.0 = Release|Any CPU
		{B4081B09-39BA-4C1D-8C5F-02CEA56CB297}.Debug|Any CPU.ActiveCfg = Debug|Any CPU
		{B4081B09-39BA-4C1D-8C5F-02CEA56CB297}.Debug|Any CPU.Build.0 = Debug|Any CPU
		{B4081B09-39BA-4C1D-8C5F-02CEA56CB297}.Release|Any CPU.ActiveCfg = Release|Any CPU
		{B4081B09-39BA-4C1D-8C5F-02CEA56CB297}.Release|Any CPU.Build.0 = Release|Any CPU
		{677703ED-E4F6-4B0D-B1BA-695A284D97D0}.Debug|Any CPU.ActiveCfg = Debug|Any CPU
		{677703ED-E4F6-4B0D-B1BA-695A284D97D0}.Debug|Any CPU.Build.0 = Debug|Any CPU
		{677703ED-E4F6-4B0D-B1BA-695A284D97D0}.Release|Any CPU.ActiveCfg = Release|Any CPU
		{677703ED-E4F6-4B0D-B1BA-695A284D97D0}.Release|Any CPU.Build.0 = Release|Any CPU
		{79B61EAA-E83E-4E0C-B376-2301460CA785}.Debug|Any CPU.ActiveCfg = Debug|Any CPU
		{79B61EAA-E83E-4E0C-B376-2301460CA785}.Debug|Any CPU.Build.0 = Debug|Any CPU
		{79B61EAA-E83E-4E0C-B376-2301460CA785}.Release|Any CPU.ActiveCfg = Release|Any CPU
		{79B61EAA-E83E-4E0C-B376-2301460CA785}.Release|Any CPU.Build.0 = Release|Any CPU
		{30E0EC41-3982-4288-9E40-D53EC852994F}.Debug|Any CPU.ActiveCfg = Debug|Any CPU
		{30E0EC41-3982-4288-9E40-D53EC852994F}.Debug|Any CPU.Build.0 = Debug|Any CPU
		{30E0EC41-3982-4288-9E40-D53EC852994F}.Release|Any CPU.ActiveCfg = Release|Any CPU
		{30E0EC41-3982-4288-9E40-D53EC852994F}.Release|Any CPU.Build.0 = Release|Any CPU
		{ED794B76-2246-4031-8EE7-EEB54C1C0F9F}.Debug|Any CPU.ActiveCfg = Debug|Any CPU
		{ED794B76-2246-4031-8EE7-EEB54C1C0F9F}.Debug|Any CPU.Build.0 = Debug|Any CPU
		{ED794B76-2246-4031-8EE7-EEB54C1C0F9F}.Release|Any CPU.ActiveCfg = Release|Any CPU
		{ED794B76-2246-4031-8EE7-EEB54C1C0F9F}.Release|Any CPU.Build.0 = Release|Any CPU
	EndGlobalSection
	GlobalSection(SolutionProperties) = preSolution
		HideSolutionNode = FALSE
	EndGlobalSection
	GlobalSection(NestedProjects) = preSolution
		{CF46FBF9-92CC-4F6A-A3E6-EF40055E3F7F} = {0DC6C3F1-56B2-4765-B737-49EBB34CD4D6}
		{B4081B09-39BA-4C1D-8C5F-02CEA56CB297} = {0DC6C3F1-56B2-4765-B737-49EBB34CD4D6}
		{677703ED-E4F6-4B0D-B1BA-695A284D97D0} = {0DC6C3F1-56B2-4765-B737-49EBB34CD4D6}
		{79B61EAA-E83E-4E0C-B376-2301460CA785} = {0DC6C3F1-56B2-4765-B737-49EBB34CD4D6}
		{30E0EC41-3982-4288-9E40-D53EC852994F} = {0DC6C3F1-56B2-4765-B737-49EBB34CD4D6}
		{ED794B76-2246-4031-8EE7-EEB54C1C0F9F} = {2429AEE2-4D08-40ED-9DB5-71DC81D14164}
	EndGlobalSection
	GlobalSection(ExtensibilityGlobals) = postSolution
		SolutionGuid = {D9691DB1-12E8-41BF-858D-12EF885066A6}
	EndGlobalSection
EndGlobal
